
Microsoft Visual Studio Solution File, Format Version 12.00
# Visual Studio Version 16
VisualStudioVersion = 16.0.30503.244
MinimumVisualStudioVersion = 10.0.40219.1
Project("{FAE04EC0-301F-11D3-BF4B-00C04F79EFBC}") = "BLL", "BLL\BLL.csproj", "{AC283581-437F-4B3F-A80B-0D0751A671F4}"
EndProject
Project("{FAE04EC0-301F-11D3-BF4B-00C04F79EFBC}") = "DAL", "DAL\DAL.csproj", "{BD9DA4A6-72A4-4DE9-9813-D7E3F70E2C04}"
EndProject
Project("{FAE04EC0-301F-11D3-BF4B-00C04F79EFBC}") = "Entity", "Entity\Entity.csproj", "{22C2CFDB-77B0-4462-BCC0-700831B6EFB4}"
EndProject
Project("{FAE04EC0-301F-11D3-BF4B-00C04F79EFBC}") = "Presentacion", "Presentacion\Presentacion.csproj", "{EF3C36AE-1B44-4E38-97F0-1DBB35CDE949}"
EndProject
Global
	GlobalSection(SolutionConfigurationPlatforms) = preSolution
		Debug|Any CPU = Debug|Any CPU
		Release|Any CPU = Release|Any CPU
	EndGlobalSection
	GlobalSection(ProjectConfigurationPlatforms) = postSolution
		{AC283581-437F-4B3F-A80B-0D0751A671F4}.Debug|Any CPU.ActiveCfg = Debug|Any CPU
		{AC283581-437F-4B3F-A80B-0D0751A671F4}.Debug|Any CPU.Build.0 = Debug|Any CPU
		{AC283581-437F-4B3F-A80B-0D0751A671F4}.Release|Any CPU.ActiveCfg = Release|Any CPU
		{AC283581-437F-4B3F-A80B-0D0751A671F4}.Release|Any CPU.Build.0 = Release|Any CPU
		{BD9DA4A6-72A4-4DE9-9813-D7E3F70E2C04}.Debug|Any CPU.ActiveCfg = Debug|Any CPU
		{BD9DA4A6-72A4-4DE9-9813-D7E3F70E2C04}.Debug|Any CPU.Build.0 = Debug|Any CPU
		{BD9DA4A6-72A4-4DE9-9813-D7E3F70E2C04}.Release|Any CPU.ActiveCfg = Release|Any CPU
		{BD9DA4A6-72A4-4DE9-9813-D7E3F70E2C04}.Release|Any CPU.Build.0 = Release|Any CPU
		{22C2CFDB-77B0-4462-BCC0-700831B6EFB4}.Debug|Any CPU.ActiveCfg = Debug|Any CPU
		{22C2CFDB-77B0-4462-BCC0-700831B6EFB4}.Debug|Any CPU.Build.0 = Debug|Any CPU
		{22C2CFDB-77B0-4462-BCC0-700831B6EFB4}.Release|Any CPU.ActiveCfg = Release|Any CPU
		{22C2CFDB-77B0-4462-BCC0-700831B6EFB4}.Release|Any CPU.Build.0 = Release|Any CPU
		{EF3C36AE-1B44-4E38-97F0-1DBB35CDE949}.Debug|Any CPU.ActiveCfg = Debug|Any CPU
		{EF3C36AE-1B44-4E38-97F0-1DBB35CDE949}.Debug|Any CPU.Build.0 = Debug|Any CPU
		{EF3C36AE-1B44-4E38-97F0-1DBB35CDE949}.Release|Any CPU.ActiveCfg = Release|Any CPU
		{EF3C36AE-1B44-4E38-97F0-1DBB35CDE949}.Release|Any CPU.Build.0 = Release|Any CPU
	EndGlobalSection
	GlobalSection(SolutionProperties) = preSolution
		HideSolutionNode = FALSE
	EndGlobalSection
	GlobalSection(ExtensibilityGlobals) = postSolution
		SolutionGuid = {80D0A02A-CD57-4C94-AB14-AE077E29A781}
	EndGlobalSection
EndGlobal
